
Microsoft Visual Studio Solution File, Format Version 12.00
# Visual Studio 2013
VisualStudioVersion = 12.0.30110.0
MinimumVisualStudioVersion = 10.0.40219.1
Project("{FAE04EC0-301F-11D3-BF4B-00C04F79EFBC}") = "Smokr", "Smokr\Smokr.csproj", "{A8A5A3B1-373D-473C-9B4C-D07AFEF2B6EC}"
EndProject
Project("{FAE04EC0-301F-11D3-BF4B-00C04F79EFBC}") = "Smokr.Core", "Smokr.Core\Smokr.Core.csproj", "{FC7DAB63-2302-4C1E-816D-4A4FC8843ABD}"
EndProject
Global
	GlobalSection(SolutionConfigurationPlatforms) = preSolution
		Debug|Any CPU = Debug|Any CPU
		Release|Any CPU = Release|Any CPU
	EndGlobalSection
	GlobalSection(ProjectConfigurationPlatforms) = postSolution
		{A8A5A3B1-373D-473C-9B4C-D07AFEF2B6EC}.Debug|Any CPU.ActiveCfg = Debug|Any CPU
		{A8A5A3B1-373D-473C-9B4C-D07AFEF2B6EC}.Debug|Any CPU.Build.0 = Debug|Any CPU
		{A8A5A3B1-373D-473C-9B4C-D07AFEF2B6EC}.Release|Any CPU.ActiveCfg = Release|Any CPU
		{A8A5A3B1-373D-473C-9B4C-D07AFEF2B6EC}.Release|Any CPU.Build.0 = Release|Any CPU
		{FC7DAB63-2302-4C1E-816D-4A4FC8843ABD}.Debug|Any CPU.ActiveCfg = Debug|Any CPU
		{FC7DAB63-2302-4C1E-816D-4A4FC8843ABD}.Debug|Any CPU.Build.0 = Debug|Any CPU
		{FC7DAB63-2302-4C1E-816D-4A4FC8843ABD}.Release|Any CPU.ActiveCfg = Release|Any CPU
		{FC7DAB63-2302-4C1E-816D-4A4FC8843ABD}.Release|Any CPU.Build.0 = Release|Any CPU
	EndGlobalSection
	GlobalSection(SolutionProperties) = preSolution
		HideSolutionNode = FALSE
	EndGlobalSection
EndGlobal
